
Microsoft Visual Studio Solution File, Format Version 12.00
# Visual Studio Express 2012 for Windows Desktop
Project("{FAE04EC0-301F-11D3-BF4B-00C04F79EFBC}") = "Icy Monitor Server", "Icy Monitor Server.csproj", "{0DE7081D-0293-4A2E-9513-48D4557B3DCE}"
EndProject
Project("{FAE04EC0-301F-11D3-BF4B-00C04F79EFBC}") = "OpenHardwareMonitorLib", "..\OpenHardwareMonitorLibrary\OpenHardwareMonitorLib.csproj", "{B0397530-545A-471D-BB74-027AE456DF1A}"
EndProject
Project("{FAE04EC0-301F-11D3-BF4B-00C04F79EFBC}") = "Icy Monitor Updater", "..\Icy Monitor Updater\Icy Monitor Updater.csproj", "{2405E12B-9FC8-4043-BDB1-17F053C27919}"
EndProject
Global
	GlobalSection(SolutionConfigurationPlatforms) = preSolution
		Debug|Any CPU = Debug|Any CPU
		Debug|Mixed Platforms = Debug|Mixed Platforms
		Debug|x86 = Debug|x86
		Release|Any CPU = Release|Any CPU
		Release|Mixed Platforms = Release|Mixed Platforms
		Release|x86 = Release|x86
	EndGlobalSection
	GlobalSection(ProjectConfigurationPlatforms) = postSolution
		{0DE7081D-0293-4A2E-9513-48D4557B3DCE}.Debug|Any CPU.ActiveCfg = Debug|x86
		{0DE7081D-0293-4A2E-9513-48D4557B3DCE}.Debug|Mixed Platforms.ActiveCfg = Debug|x86
		{0DE7081D-0293-4A2E-9513-48D4557B3DCE}.Debug|Mixed Platforms.Build.0 = Debug|x86
		{0DE7081D-0293-4A2E-9513-48D4557B3DCE}.Debug|x86.ActiveCfg = Debug|x86
		{0DE7081D-0293-4A2E-9513-48D4557B3DCE}.Debug|x86.Build.0 = Debug|x86
		{0DE7081D-0293-4A2E-9513-48D4557B3DCE}.Release|Any CPU.ActiveCfg = Release|x86
		{0DE7081D-0293-4A2E-9513-48D4557B3DCE}.Release|Mixed Platforms.ActiveCfg = Release|x86
		{0DE7081D-0293-4A2E-9513-48D4557B3DCE}.Release|Mixed Platforms.Build.0 = Release|x86
		{0DE7081D-0293-4A2E-9513-48D4557B3DCE}.Release|x86.ActiveCfg = Release|x86
		{0DE7081D-0293-4A2E-9513-48D4557B3DCE}.Release|x86.Build.0 = Release|x86
		{B0397530-545A-471D-BB74-027AE456DF1A}.Debug|Any CPU.ActiveCfg = Debug|Any CPU
		{B0397530-545A-471D-BB74-027AE456DF1A}.Debug|Any CPU.Build.0 = Debug|Any CPU
		{B0397530-545A-471D-BB74-027AE456DF1A}.Debug|Mixed Platforms.ActiveCfg = Debug|Any CPU
		{B0397530-545A-471D-BB74-027AE456DF1A}.Debug|Mixed Platforms.Build.0 = Debug|Any CPU
		{B0397530-545A-471D-BB74-027AE456DF1A}.Debug|x86.ActiveCfg = Debug|Any CPU
		{B0397530-545A-471D-BB74-027AE456DF1A}.Release|Any CPU.ActiveCfg = Release|Any CPU
		{B0397530-545A-471D-BB74-027AE456DF1A}.Release|Any CPU.Build.0 = Release|Any CPU
		{B0397530-545A-471D-BB74-027AE456DF1A}.Release|Mixed Platforms.ActiveCfg = Release|Any CPU
		{B0397530-545A-471D-BB74-027AE456DF1A}.Release|Mixed Platforms.Build.0 = Release|Any CPU
		{B0397530-545A-471D-BB74-027AE456DF1A}.Release|x86.ActiveCfg = Release|Any CPU
		{2405E12B-9FC8-4043-BDB1-17F053C27919}.Debug|Any CPU.ActiveCfg = Debug|Any CPU
		{2405E12B-9FC8-4043-BDB1-17F053C27919}.Debug|Any CPU.Build.0 = Debug|Any CPU
		{2405E12B-9FC8-4043-BDB1-17F053C27919}.Debug|Mixed Platforms.ActiveCfg = Debug|Any CPU
		{2405E12B-9FC8-4043-BDB1-17F053C27919}.Debug|Mixed Platforms.Build.0 = Debug|Any CPU
		{2405E12B-9FC8-4043-BDB1-17F053C27919}.Debug|x86.ActiveCfg = Debug|Any CPU
		{2405E12B-9FC8-4043-BDB1-17F053C27919}.Release|Any CPU.ActiveCfg = Release|Any CPU
		{2405E12B-9FC8-4043-BDB1-17F053C27919}.Release|Any CPU.Build.0 = Release|Any CPU
		{2405E12B-9FC8-4043-BDB1-17F053C27919}.Release|Mixed Platforms.ActiveCfg = Release|Any CPU
		{2405E12B-9FC8-4043-BDB1-17F053C27919}.Release|Mixed Platforms.Build.0 = Release|Any CPU
		{2405E12B-9FC8-4043-BDB1-17F053C27919}.Release|x86.ActiveCfg = Release|Any CPU
	EndGlobalSection
	GlobalSection(SolutionProperties) = preSolution
		HideSolutionNode = FALSE
	EndGlobalSection
	GlobalSection(MonoDevelopProperties) = preSolution
		StartupItem = PushSharp.Sample\PushSharp.Sample.csproj
	EndGlobalSection
EndGlobal
